
Microsoft Visual Studio Solution File, Format Version 12.00
# Visual Studio Version 17
VisualStudioVersion = 17.14.36327.8 d17.14
MinimumVisualStudioVersion = 10.0.40219.1
Project("{FAE04EC0-301F-11D3-BF4B-00C04F79EFBC}") = "abstract_classes_and_methods", "abstract_classes_and_methods\abstract_classes_and_methods.csproj", "{56882623-3A32-4F08-950C-CEA1E5AEE096}"
EndProject
Global
	GlobalSection(SolutionConfigurationPlatforms) = preSolution
		Debug|Any CPU = Debug|Any CPU
		Release|Any CPU = Release|Any CPU
	EndGlobalSection
	GlobalSection(ProjectConfigurationPlatforms) = postSolution
		{56882623-3A32-4F08-950C-CEA1E5AEE096}.Debug|Any CPU.ActiveCfg = Debug|Any CPU
		{56882623-3A32-4F08-950C-CEA1E5AEE096}.Debug|Any CPU.Build.0 = Debug|Any CPU
		{56882623-3A32-4F08-950C-CEA1E5AEE096}.Release|Any CPU.ActiveCfg = Release|Any CPU
		{56882623-3A32-4F08-950C-CEA1E5AEE096}.Release|Any CPU.Build.0 = Release|Any CPU
	EndGlobalSection
	GlobalSection(SolutionProperties) = preSolution
		HideSolutionNode = FALSE
	EndGlobalSection
	GlobalSection(ExtensibilityGlobals) = postSolution
		SolutionGuid = {1AF55724-12C9-4C06-92CE-905B03356670}
	EndGlobalSection
EndGlobal
